// !$*UTF8*$!
{
	archiveVersion = 1;
	classes = {
	};
	objectVersion = 77;
	objects = {

/* Begin PBXBuildFile section */
		042D6BDF00481CEC1348E7DC /* main.swift in Sources */ = {isa = PBXBuildFile; fileRef = 50BDCA36A0FB14184EDE7A7A /* main.swift */; };
		2E7B8EB647AC8BADD72AB5F3 /* MagicRight.icon in Resources */ = {isa = PBXBuildFile; fileRef = C488B5D5D39641C35DB2D83D /* MagicRight.icon */; };
		3CF60418FBB425DE1265DB11 /* AppDelegate.swift in Sources */ = {isa = PBXBuildFile; fileRef = 99D284C6F007745B0E9645D7 /* AppDelegate.swift */; };
		5C18A71E692CAFB978F50239 /* MagicRightWindowController.swift in Sources */ = {isa = PBXBuildFile; fileRef = 70674DEF14A4058329AC6AEF /* MagicRightWindowController.swift */; };
		5CB808BBF77533791FF5AD53 /* MagicRightFinderSync.appex in Embed Foundation Extensions */ = {isa = PBXBuildFile; fileRef = 9BB2866BC6FDBD084B36BE12 /* MagicRightFinderSync.appex */; settings = {ATTRIBUTES = (CodeSignOnCopy, RemoveHeadersOnCopy, ); }; };
		5E55EB5FDA06B71FB58195E3 /* MenuBarNotificationView.swift in Sources */ = {isa = PBXBuildFile; fileRef = 2DF586B5EC93F3EE5170A5A1 /* MenuBarNotificationView.swift */; };
		72EB0E0B46F1ADE7FB3FFA0B /* Scripts in Resources */ = {isa = PBXBuildFile; fileRef = 68A96CB11700EA12C29A229A /* Scripts */; };
		95401E7378696CDFCAB3B76F /* MagicRightView.swift in Sources */ = {isa = PBXBuildFile; fileRef = 570C2A6A31BCAD0BB1B7C2F1 /* MagicRightView.swift */; };
		A956D7BEB4A380DA2A07306C /* FinderSyncExt.swift in Sources */ = {isa = PBXBuildFile; fileRef = E6EE04436D5CF84663796FAF /* FinderSyncExt.swift */; };
		BBB4D5BBAE64D26A82722008 /* Templates in Resources */ = {isa = PBXBuildFile; fileRef = B4DF337A063CE525F5578714 /* Templates */; };
		DF69FDB74A785CE1DDE9466E /* WindowBackgroundBlur.swift in Sources */ = {isa = PBXBuildFile; fileRef = C89F614F631F383DE91BD72C /* WindowBackgroundBlur.swift */; };
		FE7E1718AC968985559A4C90 /* MenuActionConfiguration.swift in Sources */ = {isa = PBXBuildFile; fileRef = 64958F20322C2712EA1D017C /* MenuActionConfiguration.swift */; };
/* End PBXBuildFile section */

/* Begin PBXContainerItemProxy section */
		00850A7515276DF1E93999C2 /* PBXContainerItemProxy */ = {
			isa = PBXContainerItemProxy;
			containerPortal = AEDC6DC842B79942B494D8E1 /* Project object */;
			proxyType = 1;
			remoteGlobalIDString = 3FA269474EE51F4424E83C12;
			remoteInfo = MagicRightFinderSync;
		};
/* End PBXContainerItemProxy section */

/* Begin PBXCopyFilesBuildPhase section */
		B3EA46FC4506A9F63FB6A5D3 /* Embed Foundation Extensions */ = {
			isa = PBXCopyFilesBuildPhase;
			buildActionMask = 2147483647;
			dstPath = "";
			dstSubfolderSpec = 13;
			files = (
				5CB808BBF77533791FF5AD53 /* MagicRightFinderSync.appex in Embed Foundation Extensions */,
			);
			name = "Embed Foundation Extensions";
			runOnlyForDeploymentPostprocessing = 0;
		};
/* End PBXCopyFilesBuildPhase section */

/* Begin PBXFileReference section */
		2DF586B5EC93F3EE5170A5A1 /* MenuBarNotificationView.swift */ = {isa = PBXFileReference; lastKnownFileType = sourcecode.swift; path = MenuBarNotificationView.swift; sourceTree = "<group>"; };
		50BDCA36A0FB14184EDE7A7A /* main.swift */ = {isa = PBXFileReference; lastKnownFileType = sourcecode.swift; path = main.swift; sourceTree = "<group>"; };
		570C2A6A31BCAD0BB1B7C2F1 /* MagicRightView.swift */ = {isa = PBXFileReference; lastKnownFileType = sourcecode.swift; path = MagicRightView.swift; sourceTree = "<group>"; };
		5E6718CB9DF585C9133FC300 /* MagicRight.app */ = {isa = PBXFileReference; explicitFileType = wrapper.application; includeInIndex = 0; path = MagicRight.app; sourceTree = BUILT_PRODUCTS_DIR; };
		64958F20322C2712EA1D017C /* MenuActionConfiguration.swift */ = {isa = PBXFileReference; lastKnownFileType = sourcecode.swift; path = MenuActionConfiguration.swift; sourceTree = "<group>"; };
		68A96CB11700EA12C29A229A /* Scripts */ = {isa = PBXFileReference; lastKnownFileType = folder; name = Scripts; path = Resources/Scripts; sourceTree = SOURCE_ROOT; };
		70674DEF14A4058329AC6AEF /* MagicRightWindowController.swift */ = {isa = PBXFileReference; lastKnownFileType = sourcecode.swift; path = MagicRightWindowController.swift; sourceTree = "<group>"; };
		99D284C6F007745B0E9645D7 /* AppDelegate.swift */ = {isa = PBXFileReference; lastKnownFileType = sourcecode.swift; path = AppDelegate.swift; sourceTree = "<group>"; };
		9BB2866BC6FDBD084B36BE12 /* MagicRightFinderSync.appex */ = {isa = PBXFileReference; explicitFileType = "wrapper.app-extension"; includeInIndex = 0; path = MagicRightFinderSync.appex; sourceTree = BUILT_PRODUCTS_DIR; };
		B4DF337A063CE525F5578714 /* Templates */ = {isa = PBXFileReference; lastKnownFileType = folder; name = Templates; path = Resources/Templates; sourceTree = SOURCE_ROOT; };
		C488B5D5D39641C35DB2D83D /* MagicRight.icon */ = {isa = PBXFileReference; lastKnownFileType = wrapper.icon; path = MagicRight.icon; sourceTree = "<group>"; };
		C89F614F631F383DE91BD72C /* WindowBackgroundBlur.swift */ = {isa = PBXFileReference; lastKnownFileType = sourcecode.swift; path = WindowBackgroundBlur.swift; sourceTree = "<group>"; };
		E6EE04436D5CF84663796FAF /* FinderSyncExt.swift */ = {isa = PBXFileReference; lastKnownFileType = sourcecode.swift; path = FinderSyncExt.swift; sourceTree = "<group>"; };
/* End PBXFileReference section */

/* Begin PBXGroup section */
		3EE35A68A6435B2D0D1DA4B7 /* MagicRightFinderSync */ = {
			isa = PBXGroup;
			children = (
				E6EE04436D5CF84663796FAF /* FinderSyncExt.swift */,
			);
			name = MagicRightFinderSync;
			path = Sources/MagicRightFinderSync;
			sourceTree = "<group>";
		};
		509A2C2E636206CE96B9BD23 /* Products */ = {
			isa = PBXGroup;
			children = (
				5E6718CB9DF585C9133FC300 /* MagicRight.app */,
				9BB2866BC6FDBD084B36BE12 /* MagicRightFinderSync.appex */,
			);
			name = Products;
			sourceTree = "<group>";
		};
		6124F3DD817F35EC5B90A1F4 /* icon */ = {
			isa = PBXGroup;
			children = (
				C488B5D5D39641C35DB2D83D /* MagicRight.icon */,
			);
			path = icon;
			sourceTree = "<group>";
		};
		6EBD6A287E6769CF5BB9A9E2 /* MagicRight */ = {
			isa = PBXGroup;
			children = (
				99D284C6F007745B0E9645D7 /* AppDelegate.swift */,
				570C2A6A31BCAD0BB1B7C2F1 /* MagicRightView.swift */,
				70674DEF14A4058329AC6AEF /* MagicRightWindowController.swift */,
				50BDCA36A0FB14184EDE7A7A /* main.swift */,
				64958F20322C2712EA1D017C /* MenuActionConfiguration.swift */,
				2DF586B5EC93F3EE5170A5A1 /* MenuBarNotificationView.swift */,
				C89F614F631F383DE91BD72C /* WindowBackgroundBlur.swift */,
			);
			name = MagicRight;
			path = Sources/MagicRight;
			sourceTree = "<group>";
		};
		EA4584086D803DB4DC7C20DE = {
			isa = PBXGroup;
			children = (
				68A96CB11700EA12C29A229A /* Scripts */,
				B4DF337A063CE525F5578714 /* Templates */,
				6124F3DD817F35EC5B90A1F4 /* icon */,
				6EBD6A287E6769CF5BB9A9E2 /* MagicRight */,
				3EE35A68A6435B2D0D1DA4B7 /* MagicRightFinderSync */,
				509A2C2E636206CE96B9BD23 /* Products */,
			);
			sourceTree = "<group>";
		};
/* End PBXGroup section */

/* Begin PBXNativeTarget section */
		3FA269474EE51F4424E83C12 /* MagicRightFinderSync */ = {
			isa = PBXNativeTarget;
			buildConfigurationList = C35FE950D74F8B94CF7EE0BE /* Build configuration list for PBXNativeTarget "MagicRightFinderSync" */;
			buildPhases = (
				012C41444148179B81B1816E /* Sources */,
			);
			buildRules = (
			);
			dependencies = (
			);
			name = MagicRightFinderSync;
			packageProductDependencies = (
			);
			productName = MagicRightFinderSync;
			productReference = 9BB2866BC6FDBD084B36BE12 /* MagicRightFinderSync.appex */;
			productType = "com.apple.product-type.app-extension";
		};
		6C839BEBE9F8AF0A374124CD /* MagicRight */ = {
			isa = PBXNativeTarget;
			buildConfigurationList = FB3602C2604562DB97AD7822 /* Build configuration list for PBXNativeTarget "MagicRight" */;
			buildPhases = (
				90CEFF9C8DE44611C8A74EE6 /* Sources */,
				5C97D453D00838EA0A6CB84F /* Resources */,
				B3EA46FC4506A9F63FB6A5D3 /* Embed Foundation Extensions */,
			);
			buildRules = (
			);
			dependencies = (
				8A84B6A1A342BD5F3D3CA292 /* PBXTargetDependency */,
			);
			name = MagicRight;
			packageProductDependencies = (
			);
			productName = MagicRight;
			productReference = 5E6718CB9DF585C9133FC300 /* MagicRight.app */;
			productType = "com.apple.product-type.application";
		};
/* End PBXNativeTarget section */

/* Begin PBXProject section */
		AEDC6DC842B79942B494D8E1 /* Project object */ = {
			isa = PBXProject;
			attributes = {
				BuildIndependentTargetsInParallel = YES;
				LastUpgradeCheck = 1430;
				TargetAttributes = {
					3FA269474EE51F4424E83C12 = {
						DevelopmentTeam = "";
						ProvisioningStyle = Automatic;
					};
					6C839BEBE9F8AF0A374124CD = {
						DevelopmentTeam = "";
						ProvisioningStyle = Automatic;
					};
				};
			};
			buildConfigurationList = 0B5AC3BBFD6ED0AAEA39B254 /* Build configuration list for PBXProject "MagicRight" */;
			developmentRegion = en;
			hasScannedForEncodings = 0;
			knownRegions = (
				Base,
				en,
			);
			mainGroup = EA4584086D803DB4DC7C20DE;
			minimizedProjectReferenceProxies = 1;
			preferredProjectObjectVersion = 77;
			productRefGroup = 509A2C2E636206CE96B9BD23 /* Products */;
			projectDirPath = "";
			projectRoot = "";
			targets = (
				6C839BEBE9F8AF0A374124CD /* MagicRight */,
				3FA269474EE51F4424E83C12 /* MagicRightFinderSync */,
			);
		};
/* End PBXProject section */

/* Begin PBXResourcesBuildPhase section */
		5C97D453D00838EA0A6CB84F /* Resources */ = {
			isa = PBXResourcesBuildPhase;
			buildActionMask = 2147483647;
			files = (
				2E7B8EB647AC8BADD72AB5F3 /* MagicRight.icon in Resources */,
				72EB0E0B46F1ADE7FB3FFA0B /* Scripts in Resources */,
				BBB4D5BBAE64D26A82722008 /* Templates in Resources */,
			);
			runOnlyForDeploymentPostprocessing = 0;
		};
/* End PBXResourcesBuildPhase section */

/* Begin PBXSourcesBuildPhase section */
		012C41444148179B81B1816E /* Sources */ = {
			isa = PBXSourcesBuildPhase;
			buildActionMask = 2147483647;
			files = (
				A956D7BEB4A380DA2A07306C /* FinderSyncExt.swift in Sources */,
			);
			runOnlyForDeploymentPostprocessing = 0;
		};
		90CEFF9C8DE44611C8A74EE6 /* Sources */ = {
			isa = PBXSourcesBuildPhase;
			buildActionMask = 2147483647;
			files = (
				3CF60418FBB425DE1265DB11 /* AppDelegate.swift in Sources */,
				95401E7378696CDFCAB3B76F /* MagicRightView.swift in Sources */,
				5C18A71E692CAFB978F50239 /* MagicRightWindowController.swift in Sources */,
				FE7E1718AC968985559A4C90 /* MenuActionConfiguration.swift in Sources */,
				5E55EB5FDA06B71FB58195E3 /* MenuBarNotificationView.swift in Sources */,
				DF69FDB74A785CE1DDE9466E /* WindowBackgroundBlur.swift in Sources */,
				042D6BDF00481CEC1348E7DC /* main.swift in Sources */,
			);
			runOnlyForDeploymentPostprocessing = 0;
		};
/* End PBXSourcesBuildPhase section */

/* Begin PBXTargetDependency section */
		8A84B6A1A342BD5F3D3CA292 /* PBXTargetDependency */ = {
			isa = PBXTargetDependency;
			target = 3FA269474EE51F4424E83C12 /* MagicRightFinderSync */;
			targetProxy = 00850A7515276DF1E93999C2 /* PBXContainerItemProxy */;
		};
/* End PBXTargetDependency section */

/* Begin XCBuildConfiguration section */
		01C31A781319837881251200 /* Release */ = {
			isa = XCBuildConfiguration;
			buildSettings = {
				ALWAYS_SEARCH_USER_PATHS = NO;
				CLANG_ANALYZER_NONNULL = YES;
				CLANG_ANALYZER_NUMBER_OBJECT_CONVERSION = YES_AGGRESSIVE;
				CLANG_CXX_LANGUAGE_STANDARD = "gnu++14";
				CLANG_CXX_LIBRARY = "libc++";
				CLANG_ENABLE_MODULES = YES;
				CLANG_ENABLE_OBJC_ARC = YES;
				CLANG_ENABLE_OBJC_WEAK = YES;
				CLANG_WARN_BLOCK_CAPTURE_AUTORELEASING = YES;
				CLANG_WARN_BOOL_CONVERSION = YES;
				CLANG_WARN_COMMA = YES;
				CLANG_WARN_CONSTANT_CONVERSION = YES;
				CLANG_WARN_DEPRECATED_OBJC_IMPLEMENTATIONS = YES;
				CLANG_WARN_DIRECT_OBJC_ISA_USAGE = YES_ERROR;
				CLANG_WARN_DOCUMENTATION_COMMENTS = YES;
				CLANG_WARN_EMPTY_BODY = YES;
				CLANG_WARN_ENUM_CONVERSION = YES;
				CLANG_WARN_INFINITE_RECURSION = YES;
				CLANG_WARN_INT_CONVERSION = YES;
				CLANG_WARN_NON_LITERAL_NULL_CONVERSION = YES;
				CLANG_WARN_OBJC_IMPLICIT_RETAIN_SELF = YES;
				CLANG_WARN_OBJC_LITERAL_CONVERSION = YES;
				CLANG_WARN_OBJC_ROOT_CLASS = YES_ERROR;
				CLANG_WARN_QUOTED_INCLUDE_IN_FRAMEWORK_HEADER = YES;
				CLANG_WARN_RANGE_LOOP_ANALYSIS = YES;
				CLANG_WARN_STRICT_PROTOTYPES = YES;
				CLANG_WARN_SUSPICIOUS_MOVE = YES;
				CLANG_WARN_UNGUARDED_AVAILABILITY = YES_AGGRESSIVE;
				CLANG_WARN_UNREACHABLE_CODE = YES;
				CLANG_WARN__DUPLICATE_METHOD_MATCH = YES;
				COPY_PHASE_STRIP = NO;
				DEBUG_INFORMATION_FORMAT = "dwarf-with-dsym";
				ENABLE_NS_ASSERTIONS = NO;
				ENABLE_STRICT_OBJC_MSGSEND = YES;
				GCC_C_LANGUAGE_STANDARD = gnu11;
				GCC_NO_COMMON_BLOCKS = YES;
				GCC_WARN_64_TO_32_BIT_CONVERSION = YES;
				GCC_WARN_ABOUT_RETURN_TYPE = YES_ERROR;
				GCC_WARN_UNDECLARED_SELECTOR = YES;
				GCC_WARN_UNINITIALIZED_AUTOS = YES_AGGRESSIVE;
				GCC_WARN_UNUSED_FUNCTION = YES;
				GCC_WARN_UNUSED_VARIABLE = YES;
				MACOSX_DEPLOYMENT_TARGET = 26.0;
				MTL_ENABLE_DEBUG_INFO = NO;
				MTL_FAST_MATH = YES;
				PRODUCT_NAME = "$(TARGET_NAME)";
				SDKROOT = macosx;
				SWIFT_COMPILATION_MODE = wholemodule;
				SWIFT_OPTIMIZATION_LEVEL = "-O";
				SWIFT_VERSION = 6.0;
			};
			name = Release;
		};
		054C60F1CD85162C65265489 /* Release */ = {
			isa = XCBuildConfiguration;
			buildSettings = {
				ASSETCATALOG_COMPILER_APPICON_NAME = MagicRight;
				CODE_SIGN_STYLE = Automatic;
				COMBINE_HIDPI_IMAGES = YES;
				CURRENT_PROJECT_VERSION = 1;
				DEVELOPMENT_TEAM = "";
				INFOPLIST_FILE = "Supporting/MagicRight-Info.plist";
				INFOPLIST_KEY_LSUIElement = YES;
				LD_RUNPATH_SEARCH_PATHS = (
					"$(inherited)",
					"@executable_path/../Frameworks",
				);
				MARKETING_VERSION = 0.2.0;
				PRODUCT_BUNDLE_IDENTIFIER = local.elidev.MagicRight;
				PRODUCT_NAME = MagicRight;
				SDKROOT = macosx;
			};
			name = Release;
		};
		233F32684307F7C94FC1774F /* Release */ = {
			isa = XCBuildConfiguration;
			buildSettings = {
				CODE_SIGN_ENTITLEMENTS = Supporting/MagicRightFinderSync.entitlements;
				CODE_SIGN_STYLE = Automatic;
				COMBINE_HIDPI_IMAGES = YES;
				CURRENT_PROJECT_VERSION = 1;
				DEVELOPMENT_TEAM = "";
				INFOPLIST_FILE = "Supporting/MagicRightFinderSync-Info.plist";
				LD_RUNPATH_SEARCH_PATHS = (
					"$(inherited)",
					"@executable_path/../Frameworks",
					"@executable_path/../../../../Frameworks",
				);
				MARKETING_VERSION = 0.2.0;
				PRODUCT_BUNDLE_IDENTIFIER = local.elidev.MagicRight.FinderSync;
				PRODUCT_NAME = MagicRightFinderSync;
				SDKROOT = macosx;
			};
			name = Release;
		};
		520CEE1BC7B25FE52116FAC7 /* Debug */ = {
			isa = XCBuildConfiguration;
			buildSettings = {
				CODE_SIGN_ENTITLEMENTS = Supporting/MagicRightFinderSync.entitlements;
				CODE_SIGN_STYLE = Automatic;
				COMBINE_HIDPI_IMAGES = YES;
				CURRENT_PROJECT_VERSION = 1;
				DEVELOPMENT_TEAM = "";
				INFOPLIST_FILE = "Supporting/MagicRightFinderSync-Info.plist";
				LD_RUNPATH_SEARCH_PATHS = (
					"$(inherited)",
					"@executable_path/../Frameworks",
					"@executable_path/../../../../Frameworks",
				);
				MARKETING_VERSION = 0.2.0;
				PRODUCT_BUNDLE_IDENTIFIER = local.elidev.MagicRight.FinderSync;
				PRODUCT_NAME = MagicRightFinderSync;
				SDKROOT = macosx;
			};
			name = Debug;
		};
		8780E049B0B5D1FE484F005F /* Debug */ = {
			isa = XCBuildConfiguration;
			buildSettings = {
				ASSETCATALOG_COMPILER_APPICON_NAME = MagicRight;
				CODE_SIGN_STYLE = Automatic;
				COMBINE_HIDPI_IMAGES = YES;
				CURRENT_PROJECT_VERSION = 1;
				DEVELOPMENT_TEAM = "";
				INFOPLIST_FILE = "Supporting/MagicRight-Info.plist";
				INFOPLIST_KEY_LSUIElement = YES;
				LD_RUNPATH_SEARCH_PATHS = (
					"$(inherited)",
					"@executable_path/../Frameworks",
				);
				MARKETING_VERSION = 0.2.0;
				PRODUCT_BUNDLE_IDENTIFIER = local.elidev.MagicRight;
				PRODUCT_NAME = MagicRight;
				SDKROOT = macosx;
			};
			name = Debug;
		};
		C9636CF1BB36648214BCF20B /* Debug */ = {
			isa = XCBuildConfiguration;
			buildSettings = {
				ALWAYS_SEARCH_USER_PATHS = NO;
				CLANG_ANALYZER_NONNULL = YES;
				CLANG_ANALYZER_NUMBER_OBJECT_CONVERSION = YES_AGGRESSIVE;
				CLANG_CXX_LANGUAGE_STANDARD = "gnu++14";
				CLANG_CXX_LIBRARY = "libc++";
				CLANG_ENABLE_MODULES = YES;
				CLANG_ENABLE_OBJC_ARC = YES;
				CLANG_ENABLE_OBJC_WEAK = YES;
				CLANG_WARN_BLOCK_CAPTURE_AUTORELEASING = YES;
				CLANG_WARN_BOOL_CONVERSION = YES;
				CLANG_WARN_COMMA = YES;
				CLANG_WARN_CONSTANT_CONVERSION = YES;
				CLANG_WARN_DEPRECATED_OBJC_IMPLEMENTATIONS = YES;
				CLANG_WARN_DIRECT_OBJC_ISA_USAGE = YES_ERROR;
				CLANG_WARN_DOCUMENTATION_COMMENTS = YES;
				CLANG_WARN_EMPTY_BODY = YES;
				CLANG_WARN_ENUM_CONVERSION = YES;
				CLANG_WARN_INFINITE_RECURSION = YES;
				CLANG_WARN_INT_CONVERSION = YES;
				CLANG_WARN_NON_LITERAL_NULL_CONVERSION = YES;
				CLANG_WARN_OBJC_IMPLICIT_RETAIN_SELF = YES;
				CLANG_WARN_OBJC_LITERAL_CONVERSION = YES;
				CLANG_WARN_OBJC_ROOT_CLASS = YES_ERROR;
				CLANG_WARN_QUOTED_INCLUDE_IN_FRAMEWORK_HEADER = YES;
				CLANG_WARN_RANGE_LOOP_ANALYSIS = YES;
				CLANG_WARN_STRICT_PROTOTYPES = YES;
				CLANG_WARN_SUSPICIOUS_MOVE = YES;
				CLANG_WARN_UNGUARDED_AVAILABILITY = YES_AGGRESSIVE;
				CLANG_WARN_UNREACHABLE_CODE = YES;
				CLANG_WARN__DUPLICATE_METHOD_MATCH = YES;
				COPY_PHASE_STRIP = NO;
				DEBUG_INFORMATION_FORMAT = dwarf;
				ENABLE_STRICT_OBJC_MSGSEND = YES;
				ENABLE_TESTABILITY = YES;
				GCC_C_LANGUAGE_STANDARD = gnu11;
				GCC_DYNAMIC_NO_PIC = NO;
				GCC_NO_COMMON_BLOCKS = YES;
				GCC_OPTIMIZATION_LEVEL = 0;
				GCC_PREPROCESSOR_DEFINITIONS = (
					"$(inherited)",
					"DEBUG=1",
				);
				GCC_WARN_64_TO_32_BIT_CONVERSION = YES;
				GCC_WARN_ABOUT_RETURN_TYPE = YES_ERROR;
				GCC_WARN_UNDECLARED_SELECTOR = YES;
				GCC_WARN_UNINITIALIZED_AUTOS = YES_AGGRESSIVE;
				GCC_WARN_UNUSED_FUNCTION = YES;
				GCC_WARN_UNUSED_VARIABLE = YES;
				MACOSX_DEPLOYMENT_TARGET = 26.0;
				MTL_ENABLE_DEBUG_INFO = INCLUDE_SOURCE;
				MTL_FAST_MATH = YES;
				ONLY_ACTIVE_ARCH = YES;
				PRODUCT_NAME = "$(TARGET_NAME)";
				SDKROOT = macosx;
				SWIFT_ACTIVE_COMPILATION_CONDITIONS = DEBUG;
				SWIFT_OPTIMIZATION_LEVEL = "-Onone";
				SWIFT_VERSION = 6.0;
			};
			name = Debug;
		};
/* End XCBuildConfiguration section */

/* Begin XCConfigurationList section */
		0B5AC3BBFD6ED0AAEA39B254 /* Build configuration list for PBXProject "MagicRight" */ = {
			isa = XCConfigurationList;
			buildConfigurations = (
				C9636CF1BB36648214BCF20B /* Debug */,
				01C31A781319837881251200 /* Release */,
			);
			defaultConfigurationIsVisible = 0;
			defaultConfigurationName = Debug;
		};
		C35FE950D74F8B94CF7EE0BE /* Build configuration list for PBXNativeTarget "MagicRightFinderSync" */ = {
			isa = XCConfigurationList;
			buildConfigurations = (
				520CEE1BC7B25FE52116FAC7 /* Debug */,
				233F32684307F7C94FC1774F /* Release */,
			);
			defaultConfigurationIsVisible = 0;
			defaultConfigurationName = Debug;
		};
		FB3602C2604562DB97AD7822 /* Build configuration list for PBXNativeTarget "MagicRight" */ = {
			isa = XCConfigurationList;
			buildConfigurations = (
				8780E049B0B5D1FE484F005F /* Debug */,
				054C60F1CD85162C65265489 /* Release */,
			);
			defaultConfigurationIsVisible = 0;
			defaultConfigurationName = Debug;
		};
/* End XCConfigurationList section */
	};
	rootObject = AEDC6DC842B79942B494D8E1 /* Project object */;
}
